// !$*UTF8*$!
{
	archiveVersion = 1;
	classes = {
	};
	objectVersion = 50;
	objects = {

/* Begin PBXBuildFile section */
		CD07888225958D2E00726EC4 /* fok_opengles2_render.c in Sources */ = {isa = PBXBuildFile; fileRef = CD07888125958D2E00726EC4 /* fok_opengles2_render.c */; };
		CD33899D25EE015D00E28A54 /* gmsgqueue.c in Sources */ = {isa = PBXBuildFile; fileRef = CD33899C25EE015D00E28A54 /* gmsgqueue.c */; };
		CD40269C25E504AE00EF2542 /* goplay.c in Sources */ = {isa = PBXBuildFile; fileRef = CD40269B25E504AE00EF2542 /* goplay.c */; };
		CD4026AB25E505E600EF2542 /* gthread.c in Sources */ = {isa = PBXBuildFile; fileRef = CD4026AA25E505E600EF2542 /* gthread.c */; };
		CD4026B125E5060F00EF2542 /* gmutex.c in Sources */ = {isa = PBXBuildFile; fileRef = CD4026B025E5060F00EF2542 /* gmutex.c */; };
		CD4026C625E506F500EF2542 /* gbase.c in Sources */ = {isa = PBXBuildFile; fileRef = CD4026C525E506F500EF2542 /* gbase.c */; };
		CD4026D825E5F2C700EF2542 /* gqueue.c in Sources */ = {isa = PBXBuildFile; fileRef = CD4026D725E5F2C700EF2542 /* gqueue.c */; };
		CD4026E825E7481E00EF2542 /* gavcodec.c in Sources */ = {isa = PBXBuildFile; fileRef = CD4026E725E7481E00EF2542 /* gavcodec.c */; };
		CD4026EE25E751B400EF2542 /* gframe.c in Sources */ = {isa = PBXBuildFile; fileRef = CD4026ED25E751B400EF2542 /* gframe.c */; };
		CD4026F625E7BB3200EF2542 /* gthreadlocal.c in Sources */ = {isa = PBXBuildFile; fileRef = CD4026F525E7BB3200EF2542 /* gthreadlocal.c */; };
		CD4026FC25E8919300EF2542 /* gclock.c in Sources */ = {isa = PBXBuildFile; fileRef = CD4026FB25E8919300EF2542 /* gclock.c */; };
		CD406155259C289600BC0381 /* fok_audio_queue_ios_render.c in Sources */ = {isa = PBXBuildFile; fileRef = CD406154259C289600BC0381 /* fok_audio_queue_ios_render.c */; };
		CD648D93241D0465007C4D47 /* AVFoundation.framework in Frameworks */ = {isa = PBXBuildFile; fileRef = CD648D92241D0465007C4D47 /* AVFoundation.framework */; };
		CD648D97241E1127007C4D47 /* WMPlayer.m in Sources */ = {isa = PBXBuildFile; fileRef = CD648D96241E1127007C4D47 /* WMPlayer.m */; };
		CD648DA3241F357F007C4D47 /* OpenGLView20+Render.m in Sources */ = {isa = PBXBuildFile; fileRef = CD648DA2241F357F007C4D47 /* OpenGLView20+Render.m */; };
		CD702FCC2576437000DF635F /* MainViewController.m in Sources */ = {isa = PBXBuildFile; fileRef = CD702FCB2576437000DF635F /* MainViewController.m */; };
		CDB3B70A254FE30600A5C780 /* Fsh.glsl in Resources */ = {isa = PBXBuildFile; fileRef = CDB3B709254FE30600A5C780 /* Fsh.glsl */; };
		CDB3B70F254FE30C00A5C780 /* Vsh.glsl in Resources */ = {isa = PBXBuildFile; fileRef = CDB3B70E254FE30C00A5C780 /* Vsh.glsl */; };
		CDE1F516241B31620047D2C5 /* AppDelegate.m in Sources */ = {isa = PBXBuildFile; fileRef = CDE1F515241B31620047D2C5 /* AppDelegate.m */; };
		CDE1F51C241B31620047D2C5 /* ViewController.m in Sources */ = {isa = PBXBuildFile; fileRef = CDE1F51B241B31620047D2C5 /* ViewController.m */; };
		CDE1F521241B31640047D2C5 /* Assets.xcassets in Resources */ = {isa = PBXBuildFile; fileRef = CDE1F520241B31640047D2C5 /* Assets.xcassets */; };
		CDE1F524241B31640047D2C5 /* LaunchScreen.storyboard in Resources */ = {isa = PBXBuildFile; fileRef = CDE1F522241B31640047D2C5 /* LaunchScreen.storyboard */; };
		CDE1F527241B31640047D2C5 /* main.mm in Sources */ = {isa = PBXBuildFile; fileRef = CDE1F526241B31640047D2C5 /* main.mm */; };
		CDE1F531241B31650047D2C5 /* MoviePlayerTests.m in Sources */ = {isa = PBXBuildFile; fileRef = CDE1F530241B31650047D2C5 /* MoviePlayerTests.m */; };
		CDE1F53C241B31650047D2C5 /* MoviePlayerUITests.m in Sources */ = {isa = PBXBuildFile; fileRef = CDE1F53B241B31650047D2C5 /* MoviePlayerUITests.m */; };
		CDE1F5D6241B325F0047D2C5 /* VideoToolbox.framework in Frameworks */ = {isa = PBXBuildFile; fileRef = CDE1F5D5241B325F0047D2C5 /* VideoToolbox.framework */; };
		CDE1F5D8241B32660047D2C5 /* AudioToolbox.framework in Frameworks */ = {isa = PBXBuildFile; fileRef = CDE1F5D7241B32660047D2C5 /* AudioToolbox.framework */; };
		CDE1F5DA241B326E0047D2C5 /* CoreGraphics.framework in Frameworks */ = {isa = PBXBuildFile; fileRef = CDE1F5D9241B326E0047D2C5 /* CoreGraphics.framework */; };
		CDE1F5DC241B32750047D2C5 /* CoreMedia.framework in Frameworks */ = {isa = PBXBuildFile; fileRef = CDE1F5DB241B32750047D2C5 /* CoreMedia.framework */; };
		CDE1F5DE241B327A0047D2C5 /* CoreVideo.framework in Frameworks */ = {isa = PBXBuildFile; fileRef = CDE1F5DD241B327A0047D2C5 /* CoreVideo.framework */; };
		CDE1F5E0241B327F0047D2C5 /* CoreAudio.framework in Frameworks */ = {isa = PBXBuildFile; fileRef = CDE1F5DF241B327F0047D2C5 /* CoreAudio.framework */; };
		CDE1F5E2241B32970047D2C5 /* MediaPlayer.framework in Frameworks */ = {isa = PBXBuildFile; fileRef = CDE1F5E1241B32970047D2C5 /* MediaPlayer.framework */; };
		CDE1F5E4241B329E0047D2C5 /* OpenGLES.framework in Frameworks */ = {isa = PBXBuildFile; fileRef = CDE1F5E3241B329D0047D2C5 /* OpenGLES.framework */; };
		CDE1F5E6241B32A60047D2C5 /* QuartzCore.framework in Frameworks */ = {isa = PBXBuildFile; fileRef = CDE1F5E5241B32A60047D2C5 /* QuartzCore.framework */; };
		CDE1F5E8241B32AE0047D2C5 /* MobileCoreServices.framework in Frameworks */ = {isa = PBXBuildFile; fileRef = CDE1F5E7241B32AD0047D2C5 /* MobileCoreServices.framework */; };
		CDE1F5EA241B32CF0047D2C5 /* libz.tbd in Frameworks */ = {isa = PBXBuildFile; fileRef = CDE1F5E9241B32CA0047D2C5 /* libz.tbd */; };
		CDE1F5EC241B32DD0047D2C5 /* libbz2.tbd in Frameworks */ = {isa = PBXBuildFile; fileRef = CDE1F5EB241B32D40047D2C5 /* libbz2.tbd */; };
		CDE1F5F8241B3B470047D2C5 /* res.bundle in Resources */ = {isa = PBXBuildFile; fileRef = CDE1F5F7241B3B470047D2C5 /* res.bundle */; };
		CDE1F5FA241B3BD50047D2C5 /* libiconv.tbd in Frameworks */ = {isa = PBXBuildFile; fileRef = CDE1F5F9241B3BCF0047D2C5 /* libiconv.tbd */; };
		CDE1F601241CBE490047D2C5 /* OpenGLView20.m in Sources */ = {isa = PBXBuildFile; fileRef = CDE1F5FF241CBE490047D2C5 /* OpenGLView20.m */; };
		CDE36F95257736DD002E3E05 /* LavCode.m in Sources */ = {isa = PBXBuildFile; fileRef = CDE36F94257736DD002E3E05 /* LavCode.m */; };
/* End PBXBuildFile section */

/* Begin PBXContainerItemProxy section */
		CDE1F52D241B31650047D2C5 /* PBXContainerItemProxy */ = {
			isa = PBXContainerItemProxy;
			containerPortal = CDE1F509241B31620047D2C5 /* Project object */;
			proxyType = 1;
			remoteGlobalIDString = CDE1F510241B31620047D2C5;
			remoteInfo = MoviePlayer;
		};
		CDE1F538241B31650047D2C5 /* PBXContainerItemProxy */ = {
			isa = PBXContainerItemProxy;
			containerPortal = CDE1F509241B31620047D2C5 /* Project object */;
			proxyType = 1;
			remoteGlobalIDString = CDE1F510241B31620047D2C5;
			remoteInfo = MoviePlayer;
		};
/* End PBXContainerItemProxy section */

/* Begin PBXFileReference section */
		CD07888025958D2E00726EC4 /* fok_opengles2_render.h */ = {isa = PBXFileReference; lastKnownFileType = sourcecode.c.h; path = fok_opengles2_render.h; sourceTree = "<group>"; };
		CD07888125958D2E00726EC4 /* fok_opengles2_render.c */ = {isa = PBXFileReference; lastKnownFileType = sourcecode.c.c; path = fok_opengles2_render.c; sourceTree = "<group>"; };
		CD33899B25EE015D00E28A54 /* gmsgqueue.h */ = {isa = PBXFileReference; lastKnownFileType = sourcecode.c.h; path = gmsgqueue.h; sourceTree = "<group>"; };
		CD33899C25EE015D00E28A54 /* gmsgqueue.c */ = {isa = PBXFileReference; lastKnownFileType = sourcecode.c.c; path = gmsgqueue.c; sourceTree = "<group>"; };
		CD40269A25E504AE00EF2542 /* goplay.h */ = {isa = PBXFileReference; lastKnownFileType = sourcecode.c.h; path = goplay.h; sourceTree = "<group>"; };
		CD40269B25E504AE00EF2542 /* goplay.c */ = {isa = PBXFileReference; lastKnownFileType = sourcecode.c.c; path = goplay.c; sourceTree = "<group>"; };
		CD4026A925E505E600EF2542 /* gthread.h */ = {isa = PBXFileReference; lastKnownFileType = sourcecode.c.h; path = gthread.h; sourceTree = "<group>"; };
		CD4026AA25E505E600EF2542 /* gthread.c */ = {isa = PBXFileReference; lastKnownFileType = sourcecode.c.c; path = gthread.c; sourceTree = "<group>"; };
		CD4026AF25E5060F00EF2542 /* gmutex.h */ = {isa = PBXFileReference; lastKnownFileType = sourcecode.c.h; path = gmutex.h; sourceTree = "<group>"; };
		CD4026B025E5060F00EF2542 /* gmutex.c */ = {isa = PBXFileReference; lastKnownFileType = sourcecode.c.c; path = gmutex.c; sourceTree = "<group>"; };
		CD4026C425E506F500EF2542 /* gbase.h */ = {isa = PBXFileReference; lastKnownFileType = sourcecode.c.h; path = gbase.h; sourceTree = "<group>"; };
		CD4026C525E506F500EF2542 /* gbase.c */ = {isa = PBXFileReference; lastKnownFileType = sourcecode.c.c; path = gbase.c; sourceTree = "<group>"; };
		CD4026D625E5F2C700EF2542 /* gqueue.h */ = {isa = PBXFileReference; lastKnownFileType = sourcecode.c.h; path = gqueue.h; sourceTree = "<group>"; };
		CD4026D725E5F2C700EF2542 /* gqueue.c */ = {isa = PBXFileReference; lastKnownFileType = sourcecode.c.c; path = gqueue.c; sourceTree = "<group>"; };
		CD4026E625E7481E00EF2542 /* gavcodec.h */ = {isa = PBXFileReference; lastKnownFileType = sourcecode.c.h; path = gavcodec.h; sourceTree = "<group>"; };
		CD4026E725E7481E00EF2542 /* gavcodec.c */ = {isa = PBXFileReference; lastKnownFileType = sourcecode.c.c; path = gavcodec.c; sourceTree = "<group>"; };
		CD4026EC25E751B400EF2542 /* gframe.h */ = {isa = PBXFileReference; lastKnownFileType = sourcecode.c.h; path = gframe.h; sourceTree = "<group>"; };
		CD4026ED25E751B400EF2542 /* gframe.c */ = {isa = PBXFileReference; lastKnownFileType = sourcecode.c.c; path = gframe.c; sourceTree = "<group>"; };
		CD4026F425E7BB3200EF2542 /* gthreadlocal.h */ = {isa = PBXFileReference; lastKnownFileType = sourcecode.c.h; path = gthreadlocal.h; sourceTree = "<group>"; };
		CD4026F525E7BB3200EF2542 /* gthreadlocal.c */ = {isa = PBXFileReference; lastKnownFileType = sourcecode.c.c; path = gthreadlocal.c; sourceTree = "<group>"; };
		CD4026FA25E8919300EF2542 /* gclock.h */ = {isa = PBXFileReference; lastKnownFileType = sourcecode.c.h; path = gclock.h; sourceTree = "<group>"; };
		CD4026FB25E8919300EF2542 /* gclock.c */ = {isa = PBXFileReference; lastKnownFileType = sourcecode.c.c; path = gclock.c; sourceTree = "<group>"; };
		CD406153259C289600BC0381 /* fok_audio_queue_ios_render.h */ = {isa = PBXFileReference; lastKnownFileType = sourcecode.c.h; path = fok_audio_queue_ios_render.h; sourceTree = "<group>"; };
		CD406154259C289600BC0381 /* fok_audio_queue_ios_render.c */ = {isa = PBXFileReference; lastKnownFileType = sourcecode.c.c; path = fok_audio_queue_ios_render.c; sourceTree = "<group>"; };
		CD4D52172429EC940025A4A8 /* PrefixHeader.pch */ = {isa = PBXFileReference; lastKnownFileType = sourcecode.c.h; path = PrefixHeader.pch; sourceTree = "<group>"; };
		CD5098CC25F0BF7D000BE021 /* version.h */ = {isa = PBXFileReference; fileEncoding = 4; lastKnownFileType = sourcecode.c.h; path = version.h; sourceTree = "<group>"; };
		CD5098CD25F0BF7D000BE021 /* buffersrc.h */ = {isa = PBXFileReference; fileEncoding = 4; lastKnownFileType = sourcecode.c.h; path = buffersrc.h; sourceTree = "<group>"; };
		CD5098CE25F0BF7D000BE021 /* buffersink.h */ = {isa = PBXFileReference; fileEncoding = 4; lastKnownFileType = sourcecode.c.h; path = buffersink.h; sourceTree = "<group>"; };
		CD5098CF25F0BF7D000BE021 /* avfilter.h */ = {isa = PBXFileReference; fileEncoding = 4; lastKnownFileType = sourcecode.c.h; path = avfilter.h; sourceTree = "<group>"; };
		CD5098D125F0BF7D000BE021 /* hwcontext.h */ = {isa = PBXFileReference; fileEncoding = 4; lastKnownFileType = sourcecode.c.h; path = hwcontext.h; sourceTree = "<group>"; };
		CD5098D225F0BF7D000BE021 /* time.h */ = {isa = PBXFileReference; fileEncoding = 4; lastKnownFileType = sourcecode.c.h; path = time.h; sourceTree = "<group>"; };
		CD5098D325F0BF7D000BE021 /* hwcontext_cuda.h */ = {isa = PBXFileReference; fileEncoding = 4; lastKnownFileType = sourcecode.c.h; path = hwcontext_cuda.h; sourceTree = "<group>"; };
		CD5098D425F0BF7D000BE021 /* intfloat.h */ = {isa = PBXFileReference; fileEncoding = 4; lastKnownFileType = sourcecode.c.h; path = intfloat.h; sourceTree = "<group>"; };
		CD5098D525F0BF7D000BE021 /* error.h */ = {isa = PBXFileReference; fileEncoding = 4; lastKnownFileType = sourcecode.c.h; path = error.h; sourceTree = "<group>"; };
		CD5098D625F0BF7D000BE021 /* fifo.h */ = {isa = PBXFileReference; fileEncoding = 4; lastKnownFileType = sourcecode.c.h; path = fifo.h; sourceTree = "<group>"; };
		CD5098D725F0BF7D000BE021 /* blowfish.h */ = {isa = PBXFileReference; fileEncoding = 4; lastKnownFileType = sourcecode.c.h; path = blowfish.h; sourceTree = "<group>"; };
		CD5098D825F0BF7D000BE021 /* hwcontext_mediacodec.h */ = {isa = PBXFileReference; fileEncoding = 4; lastKnownFileType = sourcecode.c.h; path = hwcontext_mediacodec.h; sourceTree = "<group>"; };
		CD5098D925F0BF7D000BE021 /* replaygain.h */ = {isa = PBXFileReference; fileEncoding = 4; lastKnownFileType = sourcecode.c.h; path = replaygain.h; sourceTree = "<group>"; };
		CD5098DA25F0BF7D000BE021 /* version.h */ = {isa = PBXFileReference; fileEncoding = 4; lastKnownFileType = sourcecode.c.h; path = version.h; sourceTree = "<group>"; };
		CD5098DB25F0BF7D000BE021 /* murmur3.h */ = {isa = PBXFileReference; fileEncoding = 4; lastKnownFileType = sourcecode.c.h; path = murmur3.h; sourceTree = "<group>"; };
		CD5098DC25F0BF7D000BE021 /* stereo3d.h */ = {isa = PBXFileReference; fileEncoding = 4; lastKnownFileType = sourcecode.c.h; path = stereo3d.h; sourceTree = "<group>"; };
		CD5098DD25F0BF7D000BE021 /* samplefmt.h */ = {isa = PBXFileReference; fileEncoding = 4; lastKnownFileType = sourcecode.c.h; path = samplefmt.h; sourceTree = "<group>"; };
		CD5098DE25F0BF7D000BE021 /* pixdesc.h */ = {isa = PBXFileReference; fileEncoding = 4; lastKnownFileType = sourcecode.c.h; path = pixdesc.h; sourceTree = "<group>"; };
		CD5098DF25F0BF7D000BE021 /* base64.h */ = {isa = PBXFileReference; fileEncoding = 4; lastKnownFileType = sourcecode.c.h; path = base64.h; sourceTree = "<group>"; };
		CD5098E025F0BF7D000BE021 /* rational.h */ = {isa = PBXFileReference; fileEncoding = 4; lastKnownFileType = sourcecode.c.h; path = rational.h; sourceTree = "<group>"; };
		CD5098E125F0BF7D000BE021 /* sha.h */ = {isa = PBXFileReference; fileEncoding = 4; lastKnownFileType = sourcecode.c.h; path = sha.h; sourceTree = "<group>"; };
		CD5098E225F0BF7D000BE021 /* motion_vector.h */ = {isa = PBXFileReference; fileEncoding = 4; lastKnownFileType = sourcecode.c.h; path = motion_vector.h; sourceTree = "<group>"; };
		CD5098E325F0BF7D000BE021 /* avconfig.h */ = {isa = PBXFileReference; fileEncoding = 4; lastKnownFileType = sourcecode.c.h; path = avconfig.h; sourceTree = "<group>"; };
		CD5098E425F0BF7D000BE021 /* lfg.h */ = {isa = PBXFileReference; fileEncoding = 4; lastKnownFileType = sourcecode.c.h; path = lfg.h; sourceTree = "<group>"; };
		CD5098E525F0BF7D000BE021 /* avutil.h */ = {isa = PBXFileReference; fileEncoding = 4; lastKnownFileType = sourcecode.c.h; path = avutil.h; sourceTree = "<group>"; };
		CD5098E625F0BF7D000BE021 /* xtea.h */ = {isa = PBXFileReference; fileEncoding = 4; lastKnownFileType = sourcecode.c.h; path = xtea.h; sourceTree = "<group>"; };
		CD5098E725F0BF7D000BE021 /* crc.h */ = {isa = PBXFileReference; fileEncoding = 4; lastKnownFileType = sourcecode.c.h; path = crc.h; sourceTree = "<group>"; };
		CD5098E825F0BF7D000BE021 /* hwcontext_vdpau.h */ = {isa = PBXFileReference; fileEncoding = 4; lastKnownFileType = sourcecode.c.h; path = hwcontext_vdpau.h; sourceTree = "<group>"; };
		CD5098E925F0BF7D000BE021 /* frame.h */ = {isa = PBXFileReference; fileEncoding = 4; lastKnownFileType = sourcecode.c.h; path = frame.h; sourceTree = "<group>"; };
		CD5098EA25F0BF7D000BE021 /* file.h */ = {isa = PBXFileReference; fileEncoding = 4; lastKnownFileType = sourcecode.c.h; path = file.h; sourceTree = "<group>"; };
		CD5098EB25F0BF7D000BE021 /* md5.h */ = {isa = PBXFileReference; fileEncoding = 4; lastKnownFileType = sourcecode.c.h; path = md5.h; sourceTree = "<group>"; };
		CD5098EC25F0BF7D000BE021 /* cast5.h */ = {isa = PBXFileReference; fileEncoding = 4; lastKnownFileType = sourcecode.c.h; path = cast5.h; sourceTree = "<group>"; };
		CD5098ED25F0BF7D000BE021 /* hwcontext_vaapi.h */ = {isa = PBXFileReference; fileEncoding = 4; lastKnownFileType = sourcecode.c.h; path = hwcontext_vaapi.h; sourceTree = "<group>"; };
		CD5098EE25F0BF7D000BE021 /* spherical.h */ = {isa = PBXFileReference; fileEncoding = 4; lastKnownFileType = sourcecode.c.h; path = spherical.h; sourceTree = "<group>"; };
		CD5098EF25F0BF7D000BE021 /* ffversion.h */ = {isa = PBXFileReference; fileEncoding = 4; lastKnownFileType = sourcecode.c.h; path = ffversion.h; sourceTree = "<group>"; };
		CD5098F025F0BF7D000BE021 /* audio_fifo.h */ = {isa = PBXFileReference; fileEncoding = 4; lastKnownFileType = sourcecode.c.h; path = audio_fifo.h; sourceTree = "<group>"; };
		CD5098F125F0BF7D000BE021 /* tree.h */ = {isa = PBXFileReference; fileEncoding = 4; lastKnownFileType = sourcecode.c.h; path = tree.h; sourceTree = "<group>"; };
		CD5098F225F0BF7D000BE021 /* threadmessage.h */ = {isa = PBXFileReference; fileEncoding = 4; lastKnownFileType = sourcecode.c.h; path = threadmessage.h; sourceTree = "<group>"; };
		CD5098F325F0BF7D000BE021 /* attributes.h */ = {isa = PBXFileReference; fileEncoding = 4; lastKnownFileType = sourcecode.c.h; path = attributes.h; sourceTree = "<group>"; };
		CD5098F425F0BF7D000BE021 /* adler32.h */ = {isa = PBXFileReference; fileEncoding = 4; lastKnownFileType = sourcecode.c.h; path = adler32.h; sourceTree = "<group>"; };
		CD5098F525F0BF7D000BE021 /* hwcontext_d3d11va.h */ = {isa = PBXFileReference; fileEncoding = 4; lastKnownFileType = sourcecode.c.h; path = hwcontext_d3d11va.h; sourceTree = "<group>"; };
		CD5098F625F0BF7D000BE021 /* timecode.h */ = {isa = PBXFileReference; fileEncoding = 4; lastKnownFileType = sourcecode.c.h; path = timecode.h; sourceTree = "<group>"; };
		CD5098F725F0BF7D000BE021 /* tx.h */ = {isa = PBXFileReference; fileEncoding = 4; lastKnownFileType = sourcecode.c.h; path = tx.h; sourceTree = "<group>"; };
		CD5098F825F0BF7D000BE021 /* sha512.h */ = {isa = PBXFileReference; fileEncoding = 4; lastKnownFileType = sourcecode.c.h; path = sha512.h; sourceTree = "<group>"; };
		CD5098F925F0BF7D000BE021 /* hwcontext_dxva2.h */ = {isa = PBXFileReference; fileEncoding = 4; lastKnownFileType = sourcecode.c.h; path = hwcontext_dxva2.h; sourceTree = "<group>"; };
		CD5098FA25F0BF7D000BE021 /* display.h */ = {isa = PBXFileReference; fileEncoding = 4; lastKnownFileType = sourcecode.c.h; path = display.h; sourceTree = "<group>"; };
		CD5098FB25F0BF7D000BE021 /* buffer.h */ = {isa = PBXFileReference; fileEncoding = 4; lastKnownFileType = sourcecode.c.h; path = buffer.h; sourceTree = "<group>"; };
		CD5098FC25F0BF7D000BE021 /* camellia.h */ = {isa = PBXFileReference; fileEncoding = 4; lastKnownFileType = sourcecode.c.h; path = camellia.h; sourceTree = "<group>"; };
		CD5098FD25F0BF7D000BE021 /* pixelutils.h */ = {isa = PBXFileReference; fileEncoding = 4; lastKnownFileType = sourcecode.c.h; path = pixelutils.h; sourceTree = "<group>"; };
		CD5098FE25F0BF7D000BE021 /* hwcontext_drm.h */ = {isa = PBXFileReference; fileEncoding = 4; lastKnownFileType = sourcecode.c.h; path = hwcontext_drm.h; sourceTree = "<group>"; };
		CD5098FF25F0BF7D000BE021 /* common.h */ = {isa = PBXFileReference; fileEncoding = 4; lastKnownFileType = sourcecode.c.h; path = common.h; sourceTree = "<group>"; };
		CD50990025F0BF7D000BE021 /* hmac.h */ = {isa = PBXFileReference; fileEncoding = 4; lastKnownFileType = sourcecode.c.h; path = hmac.h; sourceTree = "<group>"; };
		CD50990125F0BF7D000BE021 /* eval.h */ = {isa = PBXFileReference; fileEncoding = 4; lastKnownFileType = sourcecode.c.h; path = eval.h; sourceTree = "<group>"; };
		CD50990225F0BF7D000BE021 /* dict.h */ = {isa = PBXFileReference; fileEncoding = 4; lastKnownFileType = sourcecode.c.h; path = dict.h; sourceTree = "<group>"; };
		CD50990325F0BF7D000BE021 /* random_seed.h */ = {isa = PBXFileReference; fileEncoding = 4; lastKnownFileType = sourcecode.c.h; path = random_seed.h; sourceTree = "<group>"; };
		CD50990425F0BF7D000BE021 /* opt.h */ = {isa = PBXFileReference; fileEncoding = 4; lastKnownFileType = sourcecode.c.h; path = opt.h; sourceTree = "<group>"; };
		CD50990525F0BF7D000BE021 /* mastering_display_metadata.h */ = {isa = PBXFileReference; fileEncoding = 4; lastKnownFileType = sourcecode.c.h; path = mastering_display_metadata.h; sourceTree = "<group>"; };
		CD50990625F0BF7D000BE021 /* log.h */ = {isa = PBXFileReference; fileEncoding = 4; lastKnownFileType = sourcecode.c.h; path = log.h; sourceTree = "<group>"; };
		CD50990725F0BF7D000BE021 /* aes.h */ = {isa = PBXFileReference; fileEncoding = 4; lastKnownFileType = sourcecode.c.h; path = aes.h; sourceTree = "<group>"; };
		CD50990825F0BF7D000BE021 /* macros.h */ = {isa = PBXFileReference; fileEncoding = 4; lastKnownFileType = sourcecode.c.h; path = macros.h; sourceTree = "<group>"; };
		CD50990925F0BF7D000BE021 /* bswap.h */ = {isa = PBXFileReference; fileEncoding = 4; lastKnownFileType = sourcecode.c.h; path = bswap.h; sourceTree = "<group>"; };
		CD50990A25F0BF7D000BE021 /* rc4.h */ = {isa = PBXFileReference; fileEncoding = 4; lastKnownFileType = sourcecode.c.h; path = rc4.h; sourceTree = "<group>"; };
		CD50990B25F0BF7D000BE021 /* tea.h */ = {isa = PBXFileReference; fileEncoding = 4; lastKnownFileType = sourcecode.c.h; path = tea.h; sourceTree = "<group>"; };
		CD50990C25F0BF7D000BE021 /* cpu.h */ = {isa = PBXFileReference; fileEncoding = 4; lastKnownFileType = sourcecode.c.h; path = cpu.h; sourceTree = "<group>"; };
		CD50990D25F0BF7D000BE021 /* lzo.h */ = {isa = PBXFileReference; fileEncoding = 4; lastKnownFileType = sourcecode.c.h; path = lzo.h; sourceTree = "<group>"; };
		CD50990E25F0BF7D000BE021 /* des.h */ = {isa = PBXFileReference; fileEncoding = 4; lastKnownFileType = sourcecode.c.h; path = des.h; sourceTree = "<group>"; };
		CD50990F25F0BF7D000BE021 /* channel_layout.h */ = {isa = PBXFileReference; fileEncoding = 4; lastKnownFileType = sourcecode.c.h; path = channel_layout.h; sourceTree = "<group>"; };
		CD50991025F0BF7D000BE021 /* encryption_info.h */ = {isa = PBXFileReference; fileEncoding = 4; lastKnownFileType = sourcecode.c.h; path = encryption_info.h; sourceTree = "<group>"; };
		CD50991125F0BF7D000BE021 /* twofish.h */ = {isa = PBXFileReference; fileEncoding = 4; lastKnownFileType = sourcecode.c.h; path = twofish.h; sourceTree = "<group>"; };
		CD50991225F0BF7D000BE021 /* imgutils.h */ = {isa = PBXFileReference; fileEncoding = 4; lastKnownFileType = sourcecode.c.h; path = imgutils.h; sourceTree = "<group>"; };
		CD50991325F0BF7D000BE021 /* hwcontext_videotoolbox.h */ = {isa = PBXFileReference; fileEncoding = 4; lastKnownFileType = sourcecode.c.h; path = hwcontext_videotoolbox.h; sourceTree = "<group>"; };
		CD50991425F0BF7D000BE021 /* mem.h */ = {isa = PBXFileReference; fileEncoding = 4; lastKnownFileType = sourcecode.c.h; path = mem.h; sourceTree = "<group>"; };
		CD50991525F0BF7D000BE021 /* parseutils.h */ = {isa = PBXFileReference; fileEncoding = 4; lastKnownFileType = sourcecode.c.h; path = parseutils.h; sourceTree = "<group>"; };
		CD50991625F0BF7D000BE021 /* ripemd.h */ = {isa = PBXFileReference; fileEncoding = 4; lastKnownFileType = sourcecode.c.h; path = ripemd.h; sourceTree = "<group>"; };
		CD50991725F0BF7D000BE021 /* bprint.h */ = {isa = PBXFileReference; fileEncoding = 4; lastKnownFileType = sourcecode.c.h; path = bprint.h; sourceTree = "<group>"; };
		CD50991825F0BF7D000BE021 /* hdr_dynamic_metadata.h */ = {isa = PBXFileReference; fileEncoding = 4; lastKnownFileType = sourcecode.c.h; path = hdr_dynamic_metadata.h; sourceTree = "<group>"; };
		CD50991925F0BF7D000BE021 /* hwcontext_qsv.h */ = {isa = PBXFileReference; fileEncoding = 4; lastKnownFileType = sourcecode.c.h; path = hwcontext_qsv.h; sourceTree = "<group>"; };
		CD50991A25F0BF7D000BE021 /* pixfmt.h */ = {isa = PBXFileReference; fileEncoding = 4; lastKnownFileType = sourcecode.c.h; path = pixfmt.h; sourceTree = "<group>"; };
		CD50991B25F0BF7D000BE021 /* aes_ctr.h */ = {isa = PBXFileReference; fileEncoding = 4; lastKnownFileType = sourcecode.c.h; path = aes_ctr.h; sourceTree = "<group>"; };
		CD50991C25F0BF7D000BE021 /* timestamp.h */ = {isa = PBXFileReference; fileEncoding = 4; lastKnownFileType = sourcecode.c.h; path = timestamp.h; sourceTree = "<group>"; };
		CD50991D25F0BF7D000BE021 /* downmix_info.h */ = {isa = PBXFileReference; fileEncoding = 4; lastKnownFileType = sourcecode.c.h; path = downmix_info.h; sourceTree = "<group>"; };
		CD50991E25F0BF7D000BE021 /* avassert.h */ = {isa = PBXFileReference; fileEncoding = 4; lastKnownFileType = sourcecode.c.h; path = avassert.h; sourceTree = "<group>"; };
		CD50991F25F0BF7D000BE021 /* hash.h */ = {isa = PBXFileReference; fileEncoding = 4; lastKnownFileType = sourcecode.c.h; path = hash.h; sourceTree = "<group>"; };
		CD50992025F0BF7D000BE021 /* mathematics.h */ = {isa = PBXFileReference; fileEncoding = 4; lastKnownFileType = sourcecode.c.h; path = mathematics.h; sourceTree = "<group>"; };
		CD50992125F0BF7D000BE021 /* intreadwrite.h */ = {isa = PBXFileReference; fileEncoding = 4; lastKnownFileType = sourcecode.c.h; path = intreadwrite.h; sourceTree = "<group>"; };
		CD50992225F0BF7D000BE021 /* avstring.h */ = {isa = PBXFileReference; fileEncoding = 4; lastKnownFileType = sourcecode.c.h; path = avstring.h; sourceTree = "<group>"; };
		CD50992425F0BF7D000BE021 /* version.h */ = {isa = PBXFileReference; fileEncoding = 4; lastKnownFileType = sourcecode.c.h; path = version.h; sourceTree = "<group>"; };
		CD50992525F0BF7D000BE021 /* avdevice.h */ = {isa = PBXFileReference; fileEncoding = 4; lastKnownFileType = sourcecode.c.h; path = avdevice.h; sourceTree = "<group>"; };
		CD50992725F0BF7D000BE021 /* version.h */ = {isa = PBXFileReference; fileEncoding = 4; lastKnownFileType = sourcecode.c.h; path = version.h; sourceTree = "<group>"; };
		CD50992825F0BF7D000BE021 /* avio.h */ = {isa = PBXFileReference; fileEncoding = 4; lastKnownFileType = sourcecode.c.h; path = avio.h; sourceTree = "<group>"; };
		CD50992925F0BF7D000BE021 /* avformat.h */ = {isa = PBXFileReference; fileEncoding = 4; lastKnownFileType = sourcecode.c.h; path = avformat.h; sourceTree = "<group>"; };
		CD50992B25F0BF7D000BE021 /* version.h */ = {isa = PBXFileReference; fileEncoding = 4; lastKnownFileType = sourcecode.c.h; path = version.h; sourceTree = "<group>"; };
		CD50992C25F0BF7D000BE021 /* swscale.h */ = {isa = PBXFileReference; fileEncoding = 4; lastKnownFileType = sourcecode.c.h; path = swscale.h; sourceTree = "<group>"; };
		CD50992E25F0BF7D000BE021 /* adts_parser.h */ = {isa = PBXFileReference; fileEncoding = 4; lastKnownFileType = sourcecode.c.h; path = adts_parser.h; sourceTree = "<group>"; };
		CD50992F25F0BF7D000BE021 /* avcodec.h */ = {isa = PBXFileReference; fileEncoding = 4; lastKnownFileType = sourcecode.c.h; path = avcodec.h; sourceTree = "<group>"; };
		CD50993025F0BF7D000BE021 /* version.h */ = {isa = PBXFileReference; fileEncoding = 4; lastKnownFileType = sourcecode.c.h; path = version.h; sourceTree = "<group>"; };
		CD50993125F0BF7D000BE021 /* vdpau.h */ = {isa = PBXFileReference; fileEncoding = 4; lastKnownFileType = sourcecode.c.h; path = vdpau.h; sourceTree = "<group>"; };
		CD50993225F0BF7D000BE021 /* qsv.h */ = {isa = PBXFileReference; fileEncoding = 4; lastKnownFileType = sourcecode.c.h; path = qsv.h; sourceTree = "<group>"; };
		CD50993325F0BF7D000BE021 /* vaapi.h */ = {isa = PBXFileReference; fileEncoding = 4; lastKnownFileType = sourcecode.c.h; path = vaapi.h; sourceTree = "<group>"; };
		CD50993425F0BF7D000BE021 /* videotoolbox.h */ = {isa = PBXFileReference; fileEncoding = 4; lastKnownFileType = sourcecode.c.h; path = videotoolbox.h; sourceTree = "<group>"; };
		CD50993525F0BF7D000BE021 /* xvmc.h */ = {isa = PBXFileReference; fileEncoding = 4; lastKnownFileType = sourcecode.c.h; path = xvmc.h; sourceTree = "<group>"; };
		CD50993625F0BF7D000BE021 /* mediacodec.h */ = {isa = PBXFileReference; fileEncoding = 4; lastKnownFileType = sourcecode.c.h; path = mediacodec.h; sourceTree = "<group>"; };
		CD50993725F0BF7D000BE021 /* d3d11va.h */ = {isa = PBXFileReference; fileEncoding = 4; lastKnownFileType = sourcecode.c.h; path = d3d11va.h; sourceTree = "<group>"; };
		CD50993825F0BF7D000BE021 /* avfft.h */ = {isa = PBXFileReference; fileEncoding = 4; lastKnownFileType = sourcecode.c.h; path = avfft.h; sourceTree = "<group>"; };
		CD50993925F0BF7D000BE021 /* jni.h */ = {isa = PBXFileReference; fileEncoding = 4; lastKnownFileType = sourcecode.c.h; path = jni.h; sourceTree = "<group>"; };
		CD50993A25F0BF7D000BE021 /* dirac.h */ = {isa = PBXFileReference; fileEncoding = 4; lastKnownFileType = sourcecode.c.h; path = dirac.h; sourceTree = "<group>"; };
		CD50993B25F0BF7D000BE021 /* avdct.h */ = {isa = PBXFileReference; fileEncoding = 4; lastKnownFileType = sourcecode.c.h; path = avdct.h; sourceTree = "<group>"; };
		CD50993C25F0BF7D000BE021 /* ac3_parser.h */ = {isa = PBXFileReference; fileEncoding = 4; lastKnownFileType = sourcecode.c.h; path = ac3_parser.h; sourceTree = "<group>"; };
		CD50993D25F0BF7D000BE021 /* vorbis_parser.h */ = {isa = PBXFileReference; fileEncoding = 4; lastKnownFileType = sourcecode.c.h; path = vorbis_parser.h; sourceTree = "<group>"; };
		CD50993E25F0BF7D000BE021 /* dxva2.h */ = {isa = PBXFileReference; fileEncoding = 4; lastKnownFileType = sourcecode.c.h; path = dxva2.h; sourceTree = "<group>"; };
		CD50993F25F0BF7D000BE021 /* dv_profile.h */ = {isa = PBXFileReference; fileEncoding = 4; lastKnownFileType = sourcecode.c.h; path = dv_profile.h; sourceTree = "<group>"; };
		CD50994125F0BF7D000BE021 /* version.h */ = {isa = PBXFileReference; fileEncoding = 4; lastKnownFileType = sourcecode.c.h; path = version.h; sourceTree = "<group>"; };
		CD50994225F0BF7D000BE021 /* swresample.h */ = {isa = PBXFileReference; fileEncoding = 4; lastKnownFileType = sourcecode.c.h; path = swresample.h; sourceTree = "<group>"; };
		CD50994D25F0BF7D000BE021 /* libyuv.h */ = {isa = PBXFileReference; fileEncoding = 4; lastKnownFileType = sourcecode.c.h; path = libyuv.h; sourceTree = "<group>"; };
		CD50994F25F0BF7D000BE021 /* scale_row.h */ = {isa = PBXFileReference; fileEncoding = 4; lastKnownFileType = sourcecode.c.h; path = scale_row.h; sourceTree = "<group>"; };
		CD50995025F0BF7D000BE021 /* scale.h */ = {isa = PBXFileReference; fileEncoding = 4; lastKnownFileType = sourcecode.c.h; path = scale.h; sourceTree = "<group>"; };
		CD50995125F0BF7D000BE021 /* version.h */ = {isa = PBXFileReference; fileEncoding = 4; lastKnownFileType = sourcecode.c.h; path = version.h; sourceTree = "<group>"; };
		CD50995225F0BF7D000BE021 /* cpu_id.h */ = {isa = PBXFileReference; fileEncoding = 4; lastKnownFileType = sourcecode.c.h; path = cpu_id.h; sourceTree = "<group>"; };
		CD50995325F0BF7D000BE021 /* video_common.h */ = {isa = PBXFileReference; fileEncoding = 4; lastKnownFileType = sourcecode.c.h; path = video_common.h; sourceTree = "<group>"; };
		CD50995425F0BF7D000BE021 /* compare_row.h */ = {isa = PBXFileReference; fileEncoding = 4; lastKnownFileType = sourcecode.c.h; path = compare_row.h; sourceTree = "<group>"; };
		CD50995525F0BF7D000BE021 /* mjpeg_decoder.h */ = {isa = PBXFileReference; fileEncoding = 4; lastKnownFileType = sourcecode.c.h; path = mjpeg_decoder.h; sourceTree = "<group>"; };
		CD50995625F0BF7D000BE021 /* rotate_row.h */ = {isa = PBXFileReference; fileEncoding = 4; lastKnownFileType = sourcecode.c.h; path = rotate_row.h; sourceTree = "<group>"; };
		CD50995725F0BF7D000BE021 /* planar_functions.h */ = {isa = PBXFileReference; fileEncoding = 4; lastKnownFileType = sourcecode.c.h; path = planar_functions.h; sourceTree = "<group>"; };
		CD50995825F0BF7D000BE021 /* scale_argb.h */ = {isa = PBXFileReference; fileEncoding = 4; lastKnownFileType = sourcecode.c.h; path = scale_argb.h; sourceTree = "<group>"; };
		CD50995925F0BF7D000BE021 /* compare.h */ = {isa = PBXFileReference; fileEncoding = 4; lastKnownFileType = sourcecode.c.h; path = compare.h; sourceTree = "<group>"; };
		CD50995A25F0BF7D000BE021 /* convert_argb.h */ = {isa = PBXFileReference; fileEncoding = 4; lastKnownFileType = sourcecode.c.h; path = convert_argb.h; sourceTree = "<group>"; };
		CD50995B25F0BF7D000BE021 /* rotate.h */ = {isa = PBXFileReference; fileEncoding = 4; lastKnownFileType = sourcecode.c.h; path = rotate.h; sourceTree = "<group>"; };
		CD50995C25F0BF7D000BE021 /* convert_from_argb.h */ = {isa = PBXFileReference; fileEncoding = 4; lastKnownFileType = sourcecode.c.h; path = convert_from_argb.h; sourceTree = "<group>"; };
		CD50995D25F0BF7D000BE021 /* basic_types.h */ = {isa = PBXFileReference; fileEncoding = 4; lastKnownFileType = sourcecode.c.h; path = basic_types.h; sourceTree = "<group>"; };
		CD50995E25F0BF7D000BE021 /* convert_from.h */ = {isa = PBXFileReference; fileEncoding = 4; lastKnownFileType = sourcecode.c.h; path = convert_from.h; sourceTree = "<group>"; };
		CD50995F25F0BF7D000BE021 /* convert.h */ = {isa = PBXFileReference; fileEncoding = 4; lastKnownFileType = sourcecode.c.h; path = convert.h; sourceTree = "<group>"; };
		CD50996025F0BF7D000BE021 /* rotate_argb.h */ = {isa = PBXFileReference; fileEncoding = 4; lastKnownFileType = sourcecode.c.h; path = rotate_argb.h; sourceTree = "<group>"; };
		CD50996125F0BF7D000BE021 /* macros_msa.h */ = {isa = PBXFileReference; fileEncoding = 4; lastKnownFileType = sourcecode.c.h; path = macros_msa.h; sourceTree = "<group>"; };
		CD50996225F0BF7D000BE021 /* row.h */ = {isa = PBXFileReference; fileEncoding = 4; lastKnownFileType = sourcecode.c.h; path = row.h; sourceTree = "<group>"; };
		CD648D92241D0465007C4D47 /* AVFoundation.framework */ = {isa = PBXFileReference; lastKnownFileType = wrapper.framework; name = AVFoundation.framework; path = System/Library/Frameworks/AVFoundation.framework; sourceTree = SDKROOT; };
		CD648D95241E1127007C4D47 /* WMPlayer.h */ = {isa = PBXFileReference; fileEncoding = 4; lastKnownFileType = sourcecode.c.h; path = WMPlayer.h; sourceTree = "<group>"; };
		CD648D96241E1127007C4D47 /* WMPlayer.m */ = {isa = PBXFileReference; fileEncoding = 4; lastKnownFileType = sourcecode.c.objc; path = WMPlayer.m; sourceTree = "<group>"; };
		CD648DA1241F357F007C4D47 /* OpenGLView20+Render.h */ = {isa = PBXFileReference; lastKnownFileType = sourcecode.c.h; path = "OpenGLView20+Render.h"; sourceTree = "<group>"; };
		CD648DA2241F357F007C4D47 /* OpenGLView20+Render.m */ = {isa = PBXFileReference; lastKnownFileType = sourcecode.c.objc; path = "OpenGLView20+Render.m"; sourceTree = "<group>"; };
		CD702FCA2576437000DF635F /* MainViewController.h */ = {isa = PBXFileReference; fileEncoding = 4; lastKnownFileType = sourcecode.c.h; path = MainViewController.h; sourceTree = "<group>"; };
		CD702FCB2576437000DF635F /* MainViewController.m */ = {isa = PBXFileReference; fileEncoding = 4; lastKnownFileType = sourcecode.c.objc; path = MainViewController.m; sourceTree = "<group>"; };
		CDB3B709254FE30600A5C780 /* Fsh.glsl */ = {isa = PBXFileReference; lastKnownFileType = text; path = Fsh.glsl; sourceTree = "<group>"; };
		CDB3B70E254FE30C00A5C780 /* Vsh.glsl */ = {isa = PBXFileReference; lastKnownFileType = text; path = Vsh.glsl; sourceTree = "<group>"; };
		CDE1F511241B31620047D2C5 /* MoviePlayer.app */ = {isa = PBXFileReference; explicitFileType = wrapper.application; includeInIndex = 0; path = MoviePlayer.app; sourceTree = BUILT_PRODUCTS_DIR; };
		CDE1F514241B31620047D2C5 /* AppDelegate.h */ = {isa = PBXFileReference; lastKnownFileType = sourcecode.c.h; path = AppDelegate.h; sourceTree = "<group>"; };
		CDE1F515241B31620047D2C5 /* AppDelegate.m */ = {isa = PBXFileReference; lastKnownFileType = sourcecode.c.objc; path = AppDelegate.m; sourceTree = "<group>"; };
		CDE1F51A241B31620047D2C5 /* ViewController.h */ = {isa = PBXFileReference; lastKnownFileType = sourcecode.c.h; path = ViewController.h; sourceTree = "<group>"; };
		CDE1F51B241B31620047D2C5 /* ViewController.m */ = {isa = PBXFileReference; lastKnownFileType = sourcecode.c.objc; path = ViewController.m; sourceTree = "<group>"; };
		CDE1F520241B31640047D2C5 /* Assets.xcassets */ = {isa = PBXFileReference; lastKnownFileType = folder.assetcatalog; path = Assets.xcassets; sourceTree = "<group>"; };
		CDE1F523241B31640047D2C5 /* Base */ = {isa = PBXFileReference; lastKnownFileType = file.storyboard; name = Base; path = Base.lproj/LaunchScreen.storyboard; sourceTree = "<group>"; };
		CDE1F525241B31640047D2C5 /* Info.plist */ = {isa = PBXFileReference; lastKnownFileType = text.plist.xml; path = Info.plist; sourceTree = "<group>"; };
		CDE1F526241B31640047D2C5 /* main.mm */ = {isa = PBXFileReference; lastKnownFileType = sourcecode.cpp.objcpp; path = main.mm; sourceTree = "<group>"; };
		CDE1F52C241B31650047D2C5 /* MoviePlayerTests.xctest */ = {isa = PBXFileReference; explicitFileType = wrapper.cfbundle; includeInIndex = 0; path = MoviePlayerTests.xctest; sourceTree = BUILT_PRODUCTS_DIR; };
		CDE1F530241B31650047D2C5 /* MoviePlayerTests.m */ = {isa = PBXFileReference; lastKnownFileType = sourcecode.c.objc; path = MoviePlayerTests.m; sourceTree = "<group>"; };
		CDE1F532241B31650047D2C5 /* Info.plist */ = {isa = PBXFileReference; lastKnownFileType = text.plist.xml; path = Info.plist; sourceTree = "<group>"; };
		CDE1F537241B31650047D2C5 /* MoviePlayerUITests.xctest */ = {isa = PBXFileReference; explicitFileType = wrapper.cfbundle; includeInIndex = 0; path = MoviePlayerUITests.xctest; sourceTree = BUILT_PRODUCTS_DIR; };
		CDE1F53B241B31650047D2C5 /* MoviePlayerUITests.m */ = {isa = PBXFileReference; lastKnownFileType = sourcecode.c.objc; path = MoviePlayerUITests.m; sourceTree = "<group>"; };
		CDE1F53D241B31650047D2C5 /* Info.plist */ = {isa = PBXFileReference; lastKnownFileType = text.plist.xml; path = Info.plist; sourceTree = "<group>"; };
		CDE1F5D5241B325F0047D2C5 /* VideoToolbox.framework */ = {isa = PBXFileReference; lastKnownFileType = wrapper.framework; name = VideoToolbox.framework; path = System/Library/Frameworks/VideoToolbox.framework; sourceTree = SDKROOT; };
		CDE1F5D7241B32660047D2C5 /* AudioToolbox.framework */ = {isa = PBXFileReference; lastKnownFileType = wrapper.framework; name = AudioToolbox.framework; path = System/Library/Frameworks/AudioToolbox.framework; sourceTree = SDKROOT; };
		CDE1F5D9241B326E0047D2C5 /* CoreGraphics.framework */ = {isa = PBXFileReference; lastKnownFileType = wrapper.framework; name = CoreGraphics.framework; path = System/Library/Frameworks/CoreGraphics.framework; sourceTree = SDKROOT; };
		CDE1F5DB241B32750047D2C5 /* CoreMedia.framework */ = {isa = PBXFileReference; lastKnownFileType = wrapper.framework; name = CoreMedia.framework; path = System/Library/Frameworks/CoreMedia.framework; sourceTree = SDKROOT; };
		CDE1F5DD241B327A0047D2C5 /* CoreVideo.framework */ = {isa = PBXFileReference; lastKnownFileType = wrapper.framework; name = CoreVideo.framework; path = System/Library/Frameworks/CoreVideo.framework; sourceTree = SDKROOT; };
		CDE1F5DF241B327F0047D2C5 /* CoreAudio.framework */ = {isa = PBXFileReference; lastKnownFileType = wrapper.framework; name = CoreAudio.framework; path = System/Library/Frameworks/CoreAudio.framework; sourceTree = SDKROOT; };
		CDE1F5E1241B32970047D2C5 /* MediaPlayer.framework */ = {isa = PBXFileReference; lastKnownFileType = wrapper.framework; name = MediaPlayer.framework; path = System/Library/Frameworks/MediaPlayer.framework; sourceTree = SDKROOT; };
		CDE1F5E3241B329D0047D2C5 /* OpenGLES.framework */ = {isa = PBXFileReference; lastKnownFileType = wrapper.framework; name = OpenGLES.framework; path = System/Library/Frameworks/OpenGLES.framework; sourceTree = SDKROOT; };
		CDE1F5E5241B32A60047D2C5 /* QuartzCore.framework */ = {isa = PBXFileReference; lastKnownFileType = wrapper.framework; name = QuartzCore.framework; path = System/Library/Frameworks/QuartzCore.framework; sourceTree = SDKROOT; };
		CDE1F5E7241B32AD0047D2C5 /* MobileCoreServices.framework */ = {isa = PBXFileReference; lastKnownFileType = wrapper.framework; name = MobileCoreServices.framework; path = System/Library/Frameworks/MobileCoreServices.framework; sourceTree = SDKROOT; };
		CDE1F5E9241B32CA0047D2C5 /* libz.tbd */ = {isa = PBXFileReference; lastKnownFileType = "sourcecode.text-based-dylib-definition"; name = libz.tbd; path = usr/lib/libz.tbd; sourceTree = SDKROOT; };
		CDE1F5EB241B32D40047D2C5 /* libbz2.tbd */ = {isa = PBXFileReference; lastKnownFileType = "sourcecode.text-based-dylib-definition"; name = libbz2.tbd; path = usr/lib/libbz2.tbd; sourceTree = SDKROOT; };
		CDE1F5F7241B3B470047D2C5 /* res.bundle */ = {isa = PBXFileReference; lastKnownFileType = "wrapper.plug-in"; path = res.bundle; sourceTree = "<group>"; };
		CDE1F5F9241B3BCF0047D2C5 /* libiconv.tbd */ = {isa = PBXFileReference; lastKnownFileType = "sourcecode.text-based-dylib-definition"; name = libiconv.tbd; path = usr/lib/libiconv.tbd; sourceTree = SDKROOT; };
		CDE1F5FF241CBE490047D2C5 /* OpenGLView20.m */ = {isa = PBXFileReference; fileEncoding = 4; lastKnownFileType = sourcecode.c.objc; path = OpenGLView20.m; sourceTree = "<group>"; };
		CDE1F600241CBE490047D2C5 /* OpenGLView20.h */ = {isa = PBXFileReference; fileEncoding = 4; lastKnownFileType = sourcecode.c.h; path = OpenGLView20.h; sourceTree = "<group>"; };
		CDE36F93257736DD002E3E05 /* LavCode.h */ = {isa = PBXFileReference; lastKnownFileType = sourcecode.c.h; path = LavCode.h; sourceTree = "<group>"; };
		CDE36F94257736DD002E3E05 /* LavCode.m */ = {isa = PBXFileReference; lastKnownFileType = sourcecode.c.objc; path = LavCode.m; sourceTree = "<group>"; };
/* End PBXFileReference section */

/* Begin PBXFrameworksBuildPhase section */
		CDE1F50E241B31620047D2C5 /* Frameworks */ = {
			isa = PBXFrameworksBuildPhase;
			buildActionMask = 2147483647;
			files = (
				CDE1F5E6241B32A60047D2C5 /* QuartzCore.framework in Frameworks */,
				CDE1F5D6241B325F0047D2C5 /* VideoToolbox.framework in Frameworks */,
				CDE1F5DC241B32750047D2C5 /* CoreMedia.framework in Frameworks */,
				CDE1F5E0241B327F0047D2C5 /* CoreAudio.framework in Frameworks */,
				CD648D93241D0465007C4D47 /* AVFoundation.framework in Frameworks */,
				CDE1F5E4241B329E0047D2C5 /* OpenGLES.framework in Frameworks */,
				CDE1F5EA241B32CF0047D2C5 /* libz.tbd in Frameworks */,
				CDE1F5EC241B32DD0047D2C5 /* libbz2.tbd in Frameworks */,
				CDE1F5D8241B32660047D2C5 /* AudioToolbox.framework in Frameworks */,
				CDE1F5FA241B3BD50047D2C5 /* libiconv.tbd in Frameworks */,
				CDE1F5E2241B32970047D2C5 /* MediaPlayer.framework in Frameworks */,
				CDE1F5DA241B326E0047D2C5 /* CoreGraphics.framework in Frameworks */,
				CDE1F5E8241B32AE0047D2C5 /* MobileCoreServices.framework in Frameworks */,
				CDE1F5DE241B327A0047D2C5 /* CoreVideo.framework in Frameworks */,
			);
			runOnlyForDeploymentPostprocessing = 0;
		};
		CDE1F529241B31650047D2C5 /* Frameworks */ = {
			isa = PBXFrameworksBuildPhase;
			buildActionMask = 2147483647;
			files = (
			);
			runOnlyForDeploymentPostprocessing = 0;
		};
		CDE1F534241B31650047D2C5 /* Frameworks */ = {
			isa = PBXFrameworksBuildPhase;
			buildActionMask = 2147483647;
			files = (
			);
			runOnlyForDeploymentPostprocessing = 0;
		};
/* End PBXFrameworksBuildPhase section */

/* Begin PBXGroup section */
		CD0788A82595C78300726EC4 /* media */ = {
			isa = PBXGroup;
			children = (
				CD648D94241E1127007C4D47 /* WM */,
				CDE1F5FE241CBE490047D2C5 /* OpenGLView */,
			);
			path = media;
			sourceTree = "<group>";
		};
		CD40269925E5048600EF2542 /* cplay */ = {
			isa = PBXGroup;
			children = (
				CD40269A25E504AE00EF2542 /* goplay.h */,
				CD40269B25E504AE00EF2542 /* goplay.c */,
				CD4026A925E505E600EF2542 /* gthread.h */,
				CD4026AA25E505E600EF2542 /* gthread.c */,
				CD4026AF25E5060F00EF2542 /* gmutex.h */,
				CD4026B025E5060F00EF2542 /* gmutex.c */,
				CD4026C425E506F500EF2542 /* gbase.h */,
				CD4026C525E506F500EF2542 /* gbase.c */,
				CD4026D625E5F2C700EF2542 /* gqueue.h */,
				CD4026D725E5F2C700EF2542 /* gqueue.c */,
				CD4026E625E7481E00EF2542 /* gavcodec.h */,
				CD4026E725E7481E00EF2542 /* gavcodec.c */,
				CD4026EC25E751B400EF2542 /* gframe.h */,
				CD4026ED25E751B400EF2542 /* gframe.c */,
				CD4026F425E7BB3200EF2542 /* gthreadlocal.h */,
				CD4026F525E7BB3200EF2542 /* gthreadlocal.c */,
				CD4026FA25E8919300EF2542 /* gclock.h */,
				CD4026FB25E8919300EF2542 /* gclock.c */,
				CD33899B25EE015D00E28A54 /* gmsgqueue.h */,
				CD33899C25EE015D00E28A54 /* gmsgqueue.c */,
			);
			path = cplay;
			sourceTree = "<group>";
		};
		CD5098C825F0BF7D000BE021 /* third */ = {
			isa = PBXGroup;
			children = (
				CD5098C925F0BF7D000BE021 /* FFmpeg-iOS */,
				CD50994B25F0BF7D000BE021 /* libyuv-ios-master */,
			);
			name = third;
			path = ../third;
			sourceTree = "<group>";
		};
		CD5098C925F0BF7D000BE021 /* FFmpeg-iOS */ = {
			isa = PBXGroup;
			children = (
				CD5098CA25F0BF7D000BE021 /* include */,
			);
			path = "FFmpeg-iOS";
			sourceTree = "<group>";
		};
		CD5098CA25F0BF7D000BE021 /* include */ = {
			isa = PBXGroup;
			children = (
				CD5098CB25F0BF7D000BE021 /* libavfilter */,
				CD5098D025F0BF7D000BE021 /* libavutil */,
				CD50992325F0BF7D000BE021 /* libavdevice */,
				CD50992625F0BF7D000BE021 /* libavformat */,
				CD50992A25F0BF7D000BE021 /* libswscale */,
				CD50992D25F0BF7D000BE021 /* libavcodec */,
				CD50994025F0BF7D000BE021 /* libswresample */,
			);
			path = include;
			sourceTree = "<group>";
		};
		CD5098CB25F0BF7D000BE021 /* libavfilter */ = {
			isa = PBXGroup;
			children = (
				CD5098CC25F0BF7D000BE021 /* version.h */,
				CD5098CD25F0BF7D000BE021 /* buffersrc.h */,
				CD5098CE25F0BF7D000BE021 /* buffersink.h */,
				CD5098CF25F0BF7D000BE021 /* avfilter.h */,
			);
			path = libavfilter;
			sourceTree = "<group>";
		};
		CD5098D025F0BF7D000BE021 /* libavutil */ = {
			isa = PBXGroup;
			children = (
				CD5098D125F0BF7D000BE021 /* hwcontext.h */,
				CD5098D225F0BF7D000BE021 /* time.h */,
				CD5098D325F0BF7D000BE021 /* hwcontext_cuda.h */,
				CD5098D425F0BF7D000BE021 /* intfloat.h */,
				CD5098D525F0BF7D000BE021 /* error.h */,
				CD5098D625F0BF7D000BE021 /* fifo.h */,
				CD5098D725F0BF7D000BE021 /* blowfish.h */,
				CD5098D825F0BF7D000BE021 /* hwcontext_mediacodec.h */,
				CD5098D925F0BF7D000BE021 /* replaygain.h */,
				CD5098DA25F0BF7D000BE021 /* version.h */,
				CD5098DB25F0BF7D000BE021 /* murmur3.h */,
				CD5098DC25F0BF7D000BE021 /* stereo3d.h */,
				CD5098DD25F0BF7D000BE021 /* samplefmt.h */,
				CD5098DE25F0BF7D000BE021 /* pixdesc.h */,
				CD5098DF25F0BF7D000BE021 /* base64.h */,
				CD5098E025F0BF7D000BE021 /* rational.h */,
				CD5098E125F0BF7D000BE021 /* sha.h */,
				CD5098E225F0BF7D000BE021 /* motion_vector.h */,
				CD5098E325F0BF7D000BE021 /* avconfig.h */,
				CD5098E425F0BF7D000BE021 /* lfg.h */,
				CD5098E525F0BF7D000BE021 /* avutil.h */,
				CD5098E625F0BF7D000BE021 /* xtea.h */,
				CD5098E725F0BF7D000BE021 /* crc.h */,
				CD5098E825F0BF7D000BE021 /* hwcontext_vdpau.h */,
				CD5098E925F0BF7D000BE021 /* frame.h */,
				CD5098EA25F0BF7D000BE021 /* file.h */,
				CD5098EB25F0BF7D000BE021 /* md5.h */,
				CD5098EC25F0BF7D000BE021 /* cast5.h */,
				CD5098ED25F0BF7D000BE021 /* hwcontext_vaapi.h */,
				CD5098EE25F0BF7D000BE021 /* spherical.h */,
				CD5098EF25F0BF7D000BE021 /* ffversion.h */,
				CD5098F025F0BF7D000BE021 /* audio_fifo.h */,
				CD5098F125F0BF7D000BE021 /* tree.h */,
				CD5098F225F0BF7D000BE021 /* threadmessage.h */,
				CD5098F325F0BF7D000BE021 /* attributes.h */,
				CD5098F425F0BF7D000BE021 /* adler32.h */,
				CD5098F525F0BF7D000BE021 /* hwcontext_d3d11va.h */,
				CD5098F625F0BF7D000BE021 /* timecode.h */,
				CD5098F725F0BF7D000BE021 /* tx.h */,
				CD5098F825F0BF7D000BE021 /* sha512.h */,
				CD5098F925F0BF7D000BE021 /* hwcontext_dxva2.h */,
				CD5098FA25F0BF7D000BE021 /* display.h */,
				CD5098FB25F0BF7D000BE021 /* buffer.h */,
				CD5098FC25F0BF7D000BE021 /* camellia.h */,
				CD5098FD25F0BF7D000BE021 /* pixelutils.h */,
				CD5098FE25F0BF7D000BE021 /* hwcontext_drm.h */,
				CD5098FF25F0BF7D000BE021 /* common.h */,
				CD50990025F0BF7D000BE021 /* hmac.h */,
				CD50990125F0BF7D000BE021 /* eval.h */,
				CD50990225F0BF7D000BE021 /* dict.h */,
				CD50990325F0BF7D000BE021 /* random_seed.h */,
				CD50990425F0BF7D000BE021 /* opt.h */,
				CD50990525F0BF7D000BE021 /* mastering_display_metadata.h */,
				CD50990625F0BF7D000BE021 /* log.h */,
				CD50990725F0BF7D000BE021 /* aes.h */,
				CD50990825F0BF7D000BE021 /* macros.h */,
				CD50990925F0BF7D000BE021 /* bswap.h */,
				CD50990A25F0BF7D000BE021 /* rc4.h */,
				CD50990B25F0BF7D000BE021 /* tea.h */,
				CD50990C25F0BF7D000BE021 /* cpu.h */,
				CD50990D25F0BF7D000BE021 /* lzo.h */,
				CD50990E25F0BF7D000BE021 /* des.h */,
				CD50990F25F0BF7D000BE021 /* channel_layout.h */,
				CD50991025F0BF7D000BE021 /* encryption_info.h */,
				CD50991125F0BF7D000BE021 /* twofish.h */,
				CD50991225F0BF7D000BE021 /* imgutils.h */,
				CD50991325F0BF7D000BE021 /* hwcontext_videotoolbox.h */,
				CD50991425F0BF7D000BE021 /* mem.h */,
				CD50991525F0BF7D000BE021 /* parseutils.h */,
				CD50991625F0BF7D000BE021 /* ripemd.h */,
				CD50991725F0BF7D000BE021 /* bprint.h */,
				CD50991825F0BF7D000BE021 /* hdr_dynamic_metadata.h */,
				CD50991925F0BF7D000BE021 /* hwcontext_qsv.h */,
				CD50991A25F0BF7D000BE021 /* pixfmt.h */,
				CD50991B25F0BF7D000BE021 /* aes_ctr.h */,
				CD50991C25F0BF7D000BE021 /* timestamp.h */,
				CD50991D25F0BF7D000BE021 /* downmix_info.h */,
				CD50991E25F0BF7D000BE021 /* avassert.h */,
				CD50991F25F0BF7D000BE021 /* hash.h */,
				CD50992025F0BF7D000BE021 /* mathematics.h */,
				CD50992125F0BF7D000BE021 /* intreadwrite.h */,
				CD50992225F0BF7D000BE021 /* avstring.h */,
			);
			path = libavutil;
			sourceTree = "<group>";
		};
		CD50992325F0BF7D000BE021 /* libavdevice */ = {
			isa = PBXGroup;
			children = (
				CD50992425F0BF7D000BE021 /* version.h */,
				CD50992525F0BF7D000BE021 /* avdevice.h */,
			);
			path = libavdevice;
			sourceTree = "<group>";
		};
		CD50992625F0BF7D000BE021 /* libavformat */ = {
			isa = PBXGroup;
			children = (
				CD50992725F0BF7D000BE021 /* version.h */,
				CD50992825F0BF7D000BE021 /* avio.h */,
				CD50992925F0BF7D000BE021 /* avformat.h */,
			);
			path = libavformat;
			sourceTree = "<group>";
		};
		CD50992A25F0BF7D000BE021 /* libswscale */ = {
			isa = PBXGroup;
			children = (
				CD50992B25F0BF7D000BE021 /* version.h */,
				CD50992C25F0BF7D000BE021 /* swscale.h */,
			);
			path = libswscale;
			sourceTree = "<group>";
		};
		CD50992D25F0BF7D000BE021 /* libavcodec */ = {
			isa = PBXGroup;
			children = (
				CD50992E25F0BF7D000BE021 /* adts_parser.h */,
				CD50992F25F0BF7D000BE021 /* avcodec.h */,
				CD50993025F0BF7D000BE021 /* version.h */,
				CD50993125F0BF7D000BE021 /* vdpau.h */,
				CD50993225F0BF7D000BE021 /* qsv.h */,
				CD50993325F0BF7D000BE021 /* vaapi.h */,
				CD50993425F0BF7D000BE021 /* videotoolbox.h */,
				CD50993525F0BF7D000BE021 /* xvmc.h */,
				CD50993625F0BF7D000BE021 /* mediacodec.h */,
				CD50993725F0BF7D000BE021 /* d3d11va.h */,
				CD50993825F0BF7D000BE021 /* avfft.h */,
				CD50993925F0BF7D000BE021 /* jni.h */,
				CD50993A25F0BF7D000BE021 /* dirac.h */,
				CD50993B25F0BF7D000BE021 /* avdct.h */,
				CD50993C25F0BF7D000BE021 /* ac3_parser.h */,
				CD50993D25F0BF7D000BE021 /* vorbis_parser.h */,
				CD50993E25F0BF7D000BE021 /* dxva2.h */,
				CD50993F25F0BF7D000BE021 /* dv_profile.h */,
			);
			path = libavcodec;
			sourceTree = "<group>";
		};
		CD50994025F0BF7D000BE021 /* libswresample */ = {
			isa = PBXGroup;
			children = (
				CD50994125F0BF7D000BE021 /* version.h */,
				CD50994225F0BF7D000BE021 /* swresample.h */,
			);
			path = libswresample;
			sourceTree = "<group>";
		};
		CD50994B25F0BF7D000BE021 /* libyuv-ios-master */ = {
			isa = PBXGroup;
			children = (
				CD50994C25F0BF7D000BE021 /* include */,
			);
			path = "libyuv-ios-master";
			sourceTree = "<group>";
		};
		CD50994C25F0BF7D000BE021 /* include */ = {
			isa = PBXGroup;
			children = (
				CD50994D25F0BF7D000BE021 /* libyuv.h */,
				CD50994E25F0BF7D000BE021 /* libyuv */,
			);
			path = include;
			sourceTree = "<group>";
		};
		CD50994E25F0BF7D000BE021 /* libyuv */ = {
			isa = PBXGroup;
			children = (
				CD50994F25F0BF7D000BE021 /* scale_row.h */,
				CD50995025F0BF7D000BE021 /* scale.h */,
				CD50995125F0BF7D000BE021 /* version.h */,
				CD50995225F0BF7D000BE021 /* cpu_id.h */,
				CD50995325F0BF7D000BE021 /* video_common.h */,
				CD50995425F0BF7D000BE021 /* compare_row.h */,
				CD50995525F0BF7D000BE021 /* mjpeg_decoder.h */,
				CD50995625F0BF7D000BE021 /* rotate_row.h */,
				CD50995725F0BF7D000BE021 /* planar_functions.h */,
				CD50995825F0BF7D000BE021 /* scale_argb.h */,
				CD50995925F0BF7D000BE021 /* compare.h */,
				CD50995A25F0BF7D000BE021 /* convert_argb.h */,
				CD50995B25F0BF7D000BE021 /* rotate.h */,
				CD50995C25F0BF7D000BE021 /* convert_from_argb.h */,
				CD50995D25F0BF7D000BE021 /* basic_types.h */,
				CD50995E25F0BF7D000BE021 /* convert_from.h */,
				CD50995F25F0BF7D000BE021 /* convert.h */,
				CD50996025F0BF7D000BE021 /* rotate_argb.h */,
				CD50996125F0BF7D000BE021 /* macros_msa.h */,
				CD50996225F0BF7D000BE021 /* row.h */,
			);
			path = libyuv;
			sourceTree = "<group>";
		};
		CD648D94241E1127007C4D47 /* WM */ = {
			isa = PBXGroup;
			children = (
				CD648D95241E1127007C4D47 /* WMPlayer.h */,
				CD648D96241E1127007C4D47 /* WMPlayer.m */,
				CD406153259C289600BC0381 /* fok_audio_queue_ios_render.h */,
				CD406154259C289600BC0381 /* fok_audio_queue_ios_render.c */,
			);
			path = WM;
			sourceTree = "<group>";
		};
		CD648D9C241F355B007C4D47 /* render */ = {
			isa = PBXGroup;
			children = (
				CD648DA1241F357F007C4D47 /* OpenGLView20+Render.h */,
				CD648DA2241F357F007C4D47 /* OpenGLView20+Render.m */,
			);
			path = render;
			sourceTree = "<group>";
		};
		CD702FD52576459300DF635F /* list */ = {
			isa = PBXGroup;
			children = (
				CDE36F93257736DD002E3E05 /* LavCode.h */,
				CDE36F94257736DD002E3E05 /* LavCode.m */,
				CDE1F51A241B31620047D2C5 /* ViewController.h */,
				CDE1F51B241B31620047D2C5 /* ViewController.m */,
				CD702FCA2576437000DF635F /* MainViewController.h */,
				CD702FCB2576437000DF635F /* MainViewController.m */,
			);
			path = list;
			sourceTree = "<group>";
		};
		CD702FD6257645A700DF635F /* Resource */ = {
			isa = PBXGroup;
			children = (
				CDE1F520241B31640047D2C5 /* Assets.xcassets */,
				CDE1F522241B31640047D2C5 /* LaunchScreen.storyboard */,
				CDE1F526241B31640047D2C5 /* main.mm */,
				CDE1F5F7241B3B470047D2C5 /* res.bundle */,
			);
			path = Resource;
			sourceTree = "<group>";
		};
		CDE1F508241B31620047D2C5 = {
			isa = PBXGroup;
			children = (
				CD5098C825F0BF7D000BE021 /* third */,
				CDE1F513241B31620047D2C5 /* MoviePlayer */,
				CDE1F52F241B31650047D2C5 /* MoviePlayerTests */,
				CDE1F53A241B31650047D2C5 /* MoviePlayerUITests */,
				CDE1F512241B31620047D2C5 /* Products */,
				CDE1F5D4241B325F0047D2C5 /* Frameworks */,
			);
			sourceTree = "<group>";
		};
		CDE1F512241B31620047D2C5 /* Products */ = {
			isa = PBXGroup;
			children = (
				CDE1F511241B31620047D2C5 /* MoviePlayer.app */,
				CDE1F52C241B31650047D2C5 /* MoviePlayerTests.xctest */,
				CDE1F537241B31650047D2C5 /* MoviePlayerUITests.xctest */,
			);
			name = Products;
			sourceTree = "<group>";
		};
		CDE1F513241B31620047D2C5 /* MoviePlayer */ = {
			isa = PBXGroup;
			children = (
				CD702FD6257645A700DF635F /* Resource */,
				CDE1F5ED241B33BB0047D2C5 /* Class */,
				CDE1F514241B31620047D2C5 /* AppDelegate.h */,
				CDE1F515241B31620047D2C5 /* AppDelegate.m */,
				CD4D52172429EC940025A4A8 /* PrefixHeader.pch */,
				CDE1F525241B31640047D2C5 /* Info.plist */,
			);
			path = MoviePlayer;
			sourceTree = "<group>";
		};
		CDE1F52F241B31650047D2C5 /* MoviePlayerTests */ = {
			isa = PBXGroup;
			children = (
				CDE1F530241B31650047D2C5 /* MoviePlayerTests.m */,
				CDE1F532241B31650047D2C5 /* Info.plist */,
			);
			path = MoviePlayerTests;
			sourceTree = "<group>";
		};
		CDE1F53A241B31650047D2C5 /* MoviePlayerUITests */ = {
			isa = PBXGroup;
			children = (
				CDE1F53B241B31650047D2C5 /* MoviePlayerUITests.m */,
				CDE1F53D241B31650047D2C5 /* Info.plist */,
			);
			path = MoviePlayerUITests;
			sourceTree = "<group>";
		};
		CDE1F5D4241B325F0047D2C5 /* Frameworks */ = {
			isa = PBXGroup;
			children = (
				CD648D92241D0465007C4D47 /* AVFoundation.framework */,
				CDE1F5F9241B3BCF0047D2C5 /* libiconv.tbd */,
				CDE1F5EB241B32D40047D2C5 /* libbz2.tbd */,
				CDE1F5E9241B32CA0047D2C5 /* libz.tbd */,
				CDE1F5E7241B32AD0047D2C5 /* MobileCoreServices.framework */,
				CDE1F5E5241B32A60047D2C5 /* QuartzCore.framework */,
				CDE1F5E3241B329D0047D2C5 /* OpenGLES.framework */,
				CDE1F5E1241B32970047D2C5 /* MediaPlayer.framework */,
				CDE1F5DF241B327F0047D2C5 /* CoreAudio.framework */,
				CDE1F5DD241B327A0047D2C5 /* CoreVideo.framework */,
				CDE1F5DB241B32750047D2C5 /* CoreMedia.framework */,
				CDE1F5D9241B326E0047D2C5 /* CoreGraphics.framework */,
				CDE1F5D7241B32660047D2C5 /* AudioToolbox.framework */,
				CDE1F5D5241B325F0047D2C5 /* VideoToolbox.framework */,
			);
			name = Frameworks;
			sourceTree = "<group>";
		};
		CDE1F5ED241B33BB0047D2C5 /* Class */ = {
			isa = PBXGroup;
			children = (
				CD40269925E5048600EF2542 /* cplay */,
				CD648D9C241F355B007C4D47 /* render */,
				CD0788A82595C78300726EC4 /* media */,
				CD702FD52576459300DF635F /* list */,
			);
			path = Class;
			sourceTree = "<group>";
		};
		CDE1F5FE241CBE490047D2C5 /* OpenGLView */ = {
			isa = PBXGroup;
			children = (
				CDB3B70E254FE30C00A5C780 /* Vsh.glsl */,
				CDE1F600241CBE490047D2C5 /* OpenGLView20.h */,
				CDE1F5FF241CBE490047D2C5 /* OpenGLView20.m */,
				CDB3B709254FE30600A5C780 /* Fsh.glsl */,
				CD07888025958D2E00726EC4 /* fok_opengles2_render.h */,
				CD07888125958D2E00726EC4 /* fok_opengles2_render.c */,
			);
			path = OpenGLView;
			sourceTree = "<group>";
		};
/* End PBXGroup section */

/* Begin PBXNativeTarget section */
		CDE1F510241B31620047D2C5 /* MoviePlayer */ = {
			isa = PBXNativeTarget;
			buildConfigurationList = CDE1F540241B31650047D2C5 /* Build configuration list for PBXNativeTarget "MoviePlayer" */;
			buildPhases = (
				CDE1F50D241B31620047D2C5 /* Sources */,
				CDE1F50E241B31620047D2C5 /* Frameworks */,
				CDE1F50F241B31620047D2C5 /* Resources */,
			);
			buildRules = (
			);
			dependencies = (
			);
			name = MoviePlayer;
			productName = MoviePlayer;
			productReference = CDE1F511241B31620047D2C5 /* MoviePlayer.app */;
			productType = "com.apple.product-type.application";
		};
		CDE1F52B241B31650047D2C5 /* MoviePlayerTests */ = {
			isa = PBXNativeTarget;
			buildConfigurationList = CDE1F543241B31650047D2C5 /* Build configuration list for PBXNativeTarget "MoviePlayerTests" */;
			buildPhases = (
				CDE1F528241B31650047D2C5 /* Sources */,
				CDE1F529241B31650047D2C5 /* Frameworks */,
				CDE1F52A241B31650047D2C5 /* Resources */,
			);
			buildRules = (
			);
			dependencies = (
				CDE1F52E241B31650047D2C5 /* PBXTargetDependency */,
			);
			name = MoviePlayerTests;
			productName = MoviePlayerTests;
			productReference = CDE1F52C241B31650047D2C5 /* MoviePlayerTests.xctest */;
			productType = "com.apple.product-type.bundle.unit-test";
		};
		CDE1F536241B31650047D2C5 /* MoviePlayerUITests */ = {
			isa = PBXNativeTarget;
			buildConfigurationList = CDE1F546241B31650047D2C5 /* Build configuration list for PBXNativeTarget "MoviePlayerUITests" */;
			buildPhases = (
				CDE1F533241B31650047D2C5 /* Sources */,
				CDE1F534241B31650047D2C5 /* Frameworks */,
				CDE1F535241B31650047D2C5 /* Resources */,
			);
			buildRules = (
			);
			dependencies = (
				CDE1F539241B31650047D2C5 /* PBXTargetDependency */,
			);
			name = MoviePlayerUITests;
			productName = MoviePlayerUITests;
			productReference = CDE1F537241B31650047D2C5 /* MoviePlayerUITests.xctest */;
			productType = "com.apple.product-type.bundle.ui-testing";
		};
/* End PBXNativeTarget section */

/* Begin PBXProject section */
		CDE1F509241B31620047D2C5 /* Project object */ = {
			isa = PBXProject;
			attributes = {
				LastUpgradeCheck = 1130;
				ORGANIZATIONNAME = liu;
				TargetAttributes = {
					CDE1F510241B31620047D2C5 = {
						CreatedOnToolsVersion = 11.3.1;
					};
					CDE1F52B241B31650047D2C5 = {
						CreatedOnToolsVersion = 11.3.1;
						TestTargetID = CDE1F510241B31620047D2C5;
					};
					CDE1F536241B31650047D2C5 = {
						CreatedOnToolsVersion = 11.3.1;
						TestTargetID = CDE1F510241B31620047D2C5;
					};
				};
			};
			buildConfigurationList = CDE1F50C241B31620047D2C5 /* Build configuration list for PBXProject "MoviePlayer" */;
			compatibilityVersion = "Xcode 9.3";
			developmentRegion = en;
			hasScannedForEncodings = 0;
			knownRegions = (
				en,
				Base,
			);
			mainGroup = CDE1F508241B31620047D2C5;
			productRefGroup = CDE1F512241B31620047D2C5 /* Products */;
			projectDirPath = "";
			projectRoot = "";
			targets = (
				CDE1F510241B31620047D2C5 /* MoviePlayer */,
				CDE1F52B241B31650047D2C5 /* MoviePlayerTests */,
				CDE1F536241B31650047D2C5 /* MoviePlayerUITests */,
			);
		};
/* End PBXProject section */

/* Begin PBXResourcesBuildPhase section */
		CDE1F50F241B31620047D2C5 /* Resources */ = {
			isa = PBXResourcesBuildPhase;
			buildActionMask = 2147483647;
			files = (
				CDE1F5F8241B3B470047D2C5 /* res.bundle in Resources */,
				CDB3B70F254FE30C00A5C780 /* Vsh.glsl in Resources */,
				CDE1F524241B31640047D2C5 /* LaunchScreen.storyboard in Resources */,
				CDB3B70A254FE30600A5C780 /* Fsh.glsl in Resources */,
				CDE1F521241B31640047D2C5 /* Assets.xcassets in Resources */,
			);
			runOnlyForDeploymentPostprocessing = 0;
		};
		CDE1F52A241B31650047D2C5 /* Resources */ = {
			isa = PBXResourcesBuildPhase;
			buildActionMask = 2147483647;
			files = (
			);
			runOnlyForDeploymentPostprocessing = 0;
		};
		CDE1F535241B31650047D2C5 /* Resources */ = {
			isa = PBXResourcesBuildPhase;
			buildActionMask = 2147483647;
			files = (
			);
			runOnlyForDeploymentPostprocessing = 0;
		};
/* End PBXResourcesBuildPhase section */

/* Begin PBXSourcesBuildPhase section */
		CDE1F50D241B31620047D2C5 /* Sources */ = {
			isa = PBXSourcesBuildPhase;
			buildActionMask = 2147483647;
			files = (
				CD4026FC25E8919300EF2542 /* gclock.c in Sources */,
				CD4026B125E5060F00EF2542 /* gmutex.c in Sources */,
				CD4026EE25E751B400EF2542 /* gframe.c in Sources */,
				CDE36F95257736DD002E3E05 /* LavCode.m in Sources */,
				CD40269C25E504AE00EF2542 /* goplay.c in Sources */,
				CD648DA3241F357F007C4D47 /* OpenGLView20+Render.m in Sources */,
				CD702FCC2576437000DF635F /* MainViewController.m in Sources */,
				CD4026D825E5F2C700EF2542 /* gqueue.c in Sources */,
				CDE1F51C241B31620047D2C5 /* ViewController.m in Sources */,
				CD4026AB25E505E600EF2542 /* gthread.c in Sources */,
				CDE1F601241CBE490047D2C5 /* OpenGLView20.m in Sources */,
				CD406155259C289600BC0381 /* fok_audio_queue_ios_render.c in Sources */,
				CD33899D25EE015D00E28A54 /* gmsgqueue.c in Sources */,
				CD4026F625E7BB3200EF2542 /* gthreadlocal.c in Sources */,
				CDE1F516241B31620047D2C5 /* AppDelegate.m in Sources */,
				CD07888225958D2E00726EC4 /* fok_opengles2_render.c in Sources */,
				CD4026C625E506F500EF2542 /* gbase.c in Sources */,
				CD4026E825E7481E00EF2542 /* gavcodec.c in Sources */,
				CD648D97241E1127007C4D47 /* WMPlayer.m in Sources */,
				CDE1F527241B31640047D2C5 /* main.mm in Sources */,
			);
			runOnlyForDeploymentPostprocessing = 0;
		};
		CDE1F528241B31650047D2C5 /* Sources */ = {
			isa = PBXSourcesBuildPhase;
			buildActionMask = 2147483647;
			files = (
				CDE1F531241B31650047D2C5 /* MoviePlayerTests.m in Sources */,
			);
			runOnlyForDeploymentPostprocessing = 0;
		};
		CDE1F533241B31650047D2C5 /* Sources */ = {
			isa = PBXSourcesBuildPhase;
			buildActionMask = 2147483647;
			files = (
				CDE1F53C241B31650047D2C5 /* MoviePlayerUITests.m in Sources */,
			);
			runOnlyForDeploymentPostprocessing = 0;
		};
/* End PBXSourcesBuildPhase section */

/* Begin PBXTargetDependency section */
		CDE1F52E241B31650047D2C5 /* PBXTargetDependency */ = {
			isa = PBXTargetDependency;
			target = CDE1F510241B31620047D2C5 /* MoviePlayer */;
			targetProxy = CDE1F52D241B31650047D2C5 /* PBXContainerItemProxy */;
		};
		CDE1F539241B31650047D2C5 /* PBXTargetDependency */ = {
			isa = PBXTargetDependency;
			target = CDE1F510241B31620047D2C5 /* MoviePlayer */;
			targetProxy = CDE1F538241B31650047D2C5 /* PBXContainerItemProxy */;
		};
/* End PBXTargetDependency section */

/* Begin PBXVariantGroup section */
		CDE1F522241B31640047D2C5 /* LaunchScreen.storyboard */ = {
			isa = PBXVariantGroup;
			children = (
				CDE1F523241B31640047D2C5 /* Base */,
			);
			name = LaunchScreen.storyboard;
			sourceTree = "<group>";
		};
/* End PBXVariantGroup section */

/* Begin XCBuildConfiguration section */
		CDE1F53E241B31650047D2C5 /* Debug */ = {
			isa = XCBuildConfiguration;
			buildSettings = {
				ALWAYS_SEARCH_USER_PATHS = NO;
				CLANG_ANALYZER_NONNULL = YES;
				CLANG_ANALYZER_NUMBER_OBJECT_CONVERSION = YES_AGGRESSIVE;
				CLANG_CXX_LANGUAGE_STANDARD = "gnu++14";
				CLANG_CXX_LIBRARY = "libc++";
				CLANG_ENABLE_MODULES = YES;
				CLANG_ENABLE_OBJC_ARC = YES;
				CLANG_ENABLE_OBJC_WEAK = YES;
				CLANG_WARN_BLOCK_CAPTURE_AUTORELEASING = YES;
				CLANG_WARN_BOOL_CONVERSION = YES;
				CLANG_WARN_COMMA = YES;
				CLANG_WARN_CONSTANT_CONVERSION = YES;
				CLANG_WARN_DEPRECATED_OBJC_IMPLEMENTATIONS = YES;
				CLANG_WARN_DIRECT_OBJC_ISA_USAGE = YES_ERROR;
				CLANG_WARN_DOCUMENTATION_COMMENTS = YES;
				CLANG_WARN_EMPTY_BODY = YES;
				CLANG_WARN_ENUM_CONVERSION = YES;
				CLANG_WARN_INFINITE_RECURSION = YES;
				CLANG_WARN_INT_CONVERSION = YES;
				CLANG_WARN_NON_LITERAL_NULL_CONVERSION = YES;
				CLANG_WARN_OBJC_IMPLICIT_RETAIN_SELF = YES;
				CLANG_WARN_OBJC_LITERAL_CONVERSION = YES;
				CLANG_WARN_OBJC_ROOT_CLASS = YES_ERROR;
				CLANG_WARN_RANGE_LOOP_ANALYSIS = YES;
				CLANG_WARN_STRICT_PROTOTYPES = YES;
				CLANG_WARN_SUSPICIOUS_MOVE = YES;
				CLANG_WARN_UNGUARDED_AVAILABILITY = YES_AGGRESSIVE;
				CLANG_WARN_UNREACHABLE_CODE = YES;
				CLANG_WARN__DUPLICATE_METHOD_MATCH = YES;
				COPY_PHASE_STRIP = NO;
				DEBUG_INFORMATION_FORMAT = dwarf;
				ENABLE_STRICT_OBJC_MSGSEND = YES;
				ENABLE_TESTABILITY = YES;
				GCC_C_LANGUAGE_STANDARD = gnu11;
				GCC_DYNAMIC_NO_PIC = NO;
				GCC_NO_COMMON_BLOCKS = YES;
				GCC_OPTIMIZATION_LEVEL = 0;
				GCC_PREPROCESSOR_DEFINITIONS = (
					"DEBUG=1",
					"$(inherited)",
				);
				GCC_WARN_64_TO_32_BIT_CONVERSION = YES;
				GCC_WARN_ABOUT_RETURN_TYPE = YES_ERROR;
				GCC_WARN_UNDECLARED_SELECTOR = YES;
				GCC_WARN_UNINITIALIZED_AUTOS = YES_AGGRESSIVE;
				GCC_WARN_UNUSED_FUNCTION = YES;
				GCC_WARN_UNUSED_VARIABLE = YES;
				IPHONEOS_DEPLOYMENT_TARGET = 13.2;
				MTL_ENABLE_DEBUG_INFO = INCLUDE_SOURCE;
				MTL_FAST_MATH = YES;
				ONLY_ACTIVE_ARCH = YES;
				SDKROOT = iphoneos;
			};
			name = Debug;
		};
		CDE1F53F241B31650047D2C5 /* Release */ = {
			isa = XCBuildConfiguration;
			buildSettings = {
				ALWAYS_SEARCH_USER_PATHS = NO;
				CLANG_ANALYZER_NONNULL = YES;
				CLANG_ANALYZER_NUMBER_OBJECT_CONVERSION = YES_AGGRESSIVE;
				CLANG_CXX_LANGUAGE_STANDARD = "gnu++14";
				CLANG_CXX_LIBRARY = "libc++";
				CLANG_ENABLE_MODULES = YES;
				CLANG_ENABLE_OBJC_ARC = YES;
				CLANG_ENABLE_OBJC_WEAK = YES;
				CLANG_WARN_BLOCK_CAPTURE_AUTORELEASING = YES;
				CLANG_WARN_BOOL_CONVERSION = YES;
				CLANG_WARN_COMMA = YES;
				CLANG_WARN_CONSTANT_CONVERSION = YES;
				CLANG_WARN_DEPRECATED_OBJC_IMPLEMENTATIONS = YES;
				CLANG_WARN_DIRECT_OBJC_ISA_USAGE = YES_ERROR;
				CLANG_WARN_DOCUMENTATION_COMMENTS = YES;
				CLANG_WARN_EMPTY_BODY = YES;
				CLANG_WARN_ENUM_CONVERSION = YES;
				CLANG_WARN_INFINITE_RECURSION = YES;
				CLANG_WARN_INT_CONVERSION = YES;
				CLANG_WARN_NON_LITERAL_NULL_CONVERSION = YES;
				CLANG_WARN_OBJC_IMPLICIT_RETAIN_SELF = YES;
				CLANG_WARN_OBJC_LITERAL_CONVERSION = YES;
				CLANG_WARN_OBJC_ROOT_CLASS = YES_ERROR;
				CLANG_WARN_RANGE_LOOP_ANALYSIS = YES;
				CLANG_WARN_STRICT_PROTOTYPES = YES;
				CLANG_WARN_SUSPICIOUS_MOVE = YES;
				CLANG_WARN_UNGUARDED_AVAILABILITY = YES_AGGRESSIVE;
				CLANG_WARN_UNREACHABLE_CODE = YES;
				CLANG_WARN__DUPLICATE_METHOD_MATCH = YES;
				COPY_PHASE_STRIP = NO;
				DEBUG_INFORMATION_FORMAT = "dwarf-with-dsym";
				ENABLE_NS_ASSERTIONS = NO;
				ENABLE_STRICT_OBJC_MSGSEND = YES;
				GCC_C_LANGUAGE_STANDARD = gnu11;
				GCC_NO_COMMON_BLOCKS = YES;
				GCC_WARN_64_TO_32_BIT_CONVERSION = YES;
				GCC_WARN_ABOUT_RETURN_TYPE = YES_ERROR;
				GCC_WARN_UNDECLARED_SELECTOR = YES;
				GCC_WARN_UNINITIALIZED_AUTOS = YES_AGGRESSIVE;
				GCC_WARN_UNUSED_FUNCTION = YES;
				GCC_WARN_UNUSED_VARIABLE = YES;
				IPHONEOS_DEPLOYMENT_TARGET = 13.2;
				MTL_ENABLE_DEBUG_INFO = NO;
				MTL_FAST_MATH = YES;
				SDKROOT = iphoneos;
				VALIDATE_PRODUCT = YES;
			};
			name = Release;
		};
		CDE1F541241B31650047D2C5 /* Debug */ = {
			isa = XCBuildConfiguration;
			buildSettings = {
				ASSETCATALOG_COMPILER_APPICON_NAME = AppIcon;
				CLANG_CXX_LANGUAGE_STANDARD = "gnu++0x";
				CLANG_CXX_LIBRARY = "libc++";
				CODE_SIGN_IDENTITY = "iPhone Developer";
				CODE_SIGN_STYLE = Manual;
				DEVELOPMENT_TEAM = N59KJ676HE;
				GCC_C_LANGUAGE_STANDARD = gnu99;
				GCC_PRECOMPILE_PREFIX_HEADER = YES;
				GCC_PREFIX_HEADER = MoviePlayer/PrefixHeader.pch;
				HEADER_SEARCH_PATHS = (
					"$(PROJECT_DIR)/third/FFmpeg-iOS/include",
					"$(PROJECT_DIR)/third/libyuv-ios-master/include",
				);
				INFOPLIST_FILE = MoviePlayer/Info.plist;
				IPHONEOS_DEPLOYMENT_TARGET = 9.0;
				LD_RUNPATH_SEARCH_PATHS = (
					"$(inherited)",
					"@executable_path/Frameworks",
				);
				LIBRARY_SEARCH_PATHS = (
					"$(inherited)",
					"../ThLib/FFmpeg-iOS/lib",
					"../ThLib/libyuv-ios-master/lib",
				);
				OTHER_CFLAGS = "";
				PRODUCT_BUNDLE_IDENTIFIER = com.edaijia.develop;
				PRODUCT_NAME = "$(TARGET_NAME)";
				PROVISIONING_PROFILE_SPECIFIER = edaijia_develop;
				TARGETED_DEVICE_FAMILY = 1;
			};
			name = Debug;
		};
		CDE1F542241B31650047D2C5 /* Release */ = {
			isa = XCBuildConfiguration;
			buildSettings = {
				ASSETCATALOG_COMPILER_APPICON_NAME = AppIcon;
				CLANG_CXX_LANGUAGE_STANDARD = "gnu++0x";
				CLANG_CXX_LIBRARY = "libc++";
				CODE_SIGN_IDENTITY = "iPhone Developer";
				CODE_SIGN_STYLE = Manual;
				DEVELOPMENT_TEAM = N59KJ676HE;
				GCC_C_LANGUAGE_STANDARD = gnu99;
				GCC_PRECOMPILE_PREFIX_HEADER = YES;
				GCC_PREFIX_HEADER = MoviePlayer/PrefixHeader.pch;
				HEADER_SEARCH_PATHS = (
					"$(PROJECT_DIR)/third/FFmpeg-iOS/include",
					"$(PROJECT_DIR)/third/libyuv-ios-master/include",
				);
				INFOPLIST_FILE = MoviePlayer/Info.plist;
				IPHONEOS_DEPLOYMENT_TARGET = 9.0;
				LD_RUNPATH_SEARCH_PATHS = (
					"$(inherited)",
					"@executable_path/Frameworks",
				);
				LIBRARY_SEARCH_PATHS = (
					"$(inherited)",
					"../ThLib/FFmpeg-iOS/lib",
					"../ThLib/libyuv-ios-master/lib",
				);
				OTHER_CFLAGS = "";
				PRODUCT_BUNDLE_IDENTIFIER = com.edaijia.develop;
				PRODUCT_NAME = "$(TARGET_NAME)";
				PROVISIONING_PROFILE_SPECIFIER = edaijia_develop;
				TARGETED_DEVICE_FAMILY = 1;
			};
			name = Release;
		};
		CDE1F544241B31650047D2C5 /* Debug */ = {
			isa = XCBuildConfiguration;
			buildSettings = {
				BUNDLE_LOADER = "$(TEST_HOST)";
				CODE_SIGN_STYLE = Automatic;
				INFOPLIST_FILE = MoviePlayerTests/Info.plist;
				IPHONEOS_DEPLOYMENT_TARGET = 13.2;
				LD_RUNPATH_SEARCH_PATHS = (
					"$(inherited)",
					"@executable_path/Frameworks",
					"@loader_path/Frameworks",
				);
				PRODUCT_BUNDLE_IDENTIFIER = com.de.liuyang.MoviePlayerTests;
				PRODUCT_NAME = "$(TARGET_NAME)";
				TARGETED_DEVICE_FAMILY = "1,2";
				TEST_HOST = "$(BUILT_PRODUCTS_DIR)/MoviePlayer.app/MoviePlayer";
			};
			name = Debug;
		};
		CDE1F545241B31650047D2C5 /* Release */ = {
			isa = XCBuildConfiguration;
			buildSettings = {
				BUNDLE_LOADER = "$(TEST_HOST)";
				CODE_SIGN_STYLE = Automatic;
				INFOPLIST_FILE = MoviePlayerTests/Info.plist;
				IPHONEOS_DEPLOYMENT_TARGET = 13.2;
				LD_RUNPATH_SEARCH_PATHS = (
					"$(inherited)",
					"@executable_path/Frameworks",
					"@loader_path/Frameworks",
				);
				PRODUCT_BUNDLE_IDENTIFIER = com.de.liuyang.MoviePlayerTests;
				PRODUCT_NAME = "$(TARGET_NAME)";
				TARGETED_DEVICE_FAMILY = "1,2";
				TEST_HOST = "$(BUILT_PRODUCTS_DIR)/MoviePlayer.app/MoviePlayer";
			};
			name = Release;
		};
		CDE1F547241B31650047D2C5 /* Debug */ = {
			isa = XCBuildConfiguration;
			buildSettings = {
				CODE_SIGN_STYLE = Automatic;
				INFOPLIST_FILE = MoviePlayerUITests/Info.plist;
				LD_RUNPATH_SEARCH_PATHS = (
					"$(inherited)",
					"@executable_path/Frameworks",
					"@loader_path/Frameworks",
				);
				PRODUCT_BUNDLE_IDENTIFIER = com.de.liuyang.MoviePlayerUITests;
				PRODUCT_NAME = "$(TARGET_NAME)";
				TARGETED_DEVICE_FAMILY = "1,2";
				TEST_TARGET_NAME = MoviePlayer;
			};
			name = Debug;
		};
		CDE1F548241B31650047D2C5 /* Release */ = {
			isa = XCBuildConfiguration;
			buildSettings = {
				CODE_SIGN_STYLE = Automatic;
				INFOPLIST_FILE = MoviePlayerUITests/Info.plist;
				LD_RUNPATH_SEARCH_PATHS = (
					"$(inherited)",
					"@executable_path/Frameworks",
					"@loader_path/Frameworks",
				);
				PRODUCT_BUNDLE_IDENTIFIER = com.de.liuyang.MoviePlayerUITests;
				PRODUCT_NAME = "$(TARGET_NAME)";
				TARGETED_DEVICE_FAMILY = "1,2";
				TEST_TARGET_NAME = MoviePlayer;
			};
			name = Release;
		};
/* End XCBuildConfiguration section */

/* Begin XCConfigurationList section */
		CDE1F50C241B31620047D2C5 /* Build configuration list for PBXProject "MoviePlayer" */ = {
			isa = XCConfigurationList;
			buildConfigurations = (
				CDE1F53E241B31650047D2C5 /* Debug */,
				CDE1F53F241B31650047D2C5 /* Release */,
			);
			defaultConfigurationIsVisible = 0;
			defaultConfigurationName = Release;
		};
		CDE1F540241B31650047D2C5 /* Build configuration list for PBXNativeTarget "MoviePlayer" */ = {
			isa = XCConfigurationList;
			buildConfigurations = (
				CDE1F541241B31650047D2C5 /* Debug */,
				CDE1F542241B31650047D2C5 /* Release */,
			);
			defaultConfigurationIsVisible = 0;
			defaultConfigurationName = Release;
		};
		CDE1F543241B31650047D2C5 /* Build configuration list for PBXNativeTarget "MoviePlayerTests" */ = {
			isa = XCConfigurationList;
			buildConfigurations = (
				CDE1F544241B31650047D2C5 /* Debug */,
				CDE1F545241B31650047D2C5 /* Release */,
			);
			defaultConfigurationIsVisible = 0;
			defaultConfigurationName = Release;
		};
		CDE1F546241B31650047D2C5 /* Build configuration list for PBXNativeTarget "MoviePlayerUITests" */ = {
			isa = XCConfigurationList;
			buildConfigurations = (
				CDE1F547241B31650047D2C5 /* Debug */,
				CDE1F548241B31650047D2C5 /* Release */,
			);
			defaultConfigurationIsVisible = 0;
			defaultConfigurationName = Release;
		};
/* End XCConfigurationList section */
	};
	rootObject = CDE1F509241B31620047D2C5 /* Project object */;
}
